
Microsoft Visual Studio Solution File, Format Version 12.00
# Visual Studio Version 17
VisualStudioVersion = 17.14.36203.30 d17.14
MinimumVisualStudioVersion = 10.0.40219.1
Project("{FAE04EC0-301F-11D3-BF4B-00C04F79EFBC}") = "WinFormsApp8", "WinFormsApp8\WinFormsApp8.csproj", "{4C35981D-ADAD-4D34-AA18-97FDC20C0CCD}"
EndProject
Global
	GlobalSection(SolutionConfigurationPlatforms) = preSolution
		Debug|Any CPU = Debug|Any CPU
		Release|Any CPU = Release|Any CPU
	EndGlobalSection
	GlobalSection(ProjectConfigurationPlatforms) = postSolution
		{4C35981D-ADAD-4D34-AA18-97FDC20C0CCD}.Debug|Any CPU.ActiveCfg = Debug|Any CPU
		{4C35981D-ADAD-4D34-AA18-97FDC20C0CCD}.Debug|Any CPU.Build.0 = Debug|Any CPU
		{4C35981D-ADAD-4D34-AA18-97FDC20C0CCD}.Release|Any CPU.ActiveCfg = Release|Any CPU
		{4C35981D-ADAD-4D34-AA18-97FDC20C0CCD}.Release|Any CPU.Build.0 = Release|Any CPU
	EndGlobalSection
	GlobalSection(SolutionProperties) = preSolution
		HideSolutionNode = FALSE
	EndGlobalSection
	GlobalSection(ExtensibilityGlobals) = postSolution
		SolutionGuid = {A7E0F4CC-F5BA-4BCC-8843-798F9654A26D}
	EndGlobalSection
EndGlobal
